
Microsoft Visual Studio Solution File, Format Version 12.00
# Visual Studio Version 17
VisualStudioVersion = 17.13.35825.156 d17.13
MinimumVisualStudioVersion = 10.0.40219.1
Project("{888888A0-9F3D-457C-B088-3A5042F75D52}") = "PrevisorAcoesBR", "PreverAcoesBrasileiras\PrevisorAcoesBR.pyproj", "{235C7306-FFC1-44EE-AA7A-912013607282}"
EndProject
Global
	GlobalSection(SolutionConfigurationPlatforms) = preSolution
		Debug|Any CPU = Debug|Any CPU
		Release|Any CPU = Release|Any CPU
	EndGlobalSection
	GlobalSection(ProjectConfigurationPlatforms) = postSolution
		{235C7306-FFC1-44EE-AA7A-912013607282}.Debug|Any CPU.ActiveCfg = Debug|Any CPU
		{235C7306-FFC1-44EE-AA7A-912013607282}.Release|Any CPU.ActiveCfg = Release|Any CPU
	EndGlobalSection
	GlobalSection(SolutionProperties) = preSolution
		HideSolutionNode = FALSE
	EndGlobalSection
	GlobalSection(ExtensibilityGlobals) = postSolution
		SolutionGuid = {934C1A32-6F6D-4D8D-9DA8-CC13211B6DDA}
	EndGlobalSection
EndGlobal
